
Microsoft Visual Studio Solution File, Format Version 12.00
# Visual Studio 2012
Project("{FAE04EC0-301F-11D3-BF4B-00C04F79EFBC}") = "Security Sign", "Security Sign\Security Sign.csproj", "{2B81E46C-A03D-43F6-B55C-141594BB2B78}"
EndProject
Global
	GlobalSection(SolutionConfigurationPlatforms) = preSolution
		Debug|Any CPU = Debug|Any CPU
		Release|Any CPU = Release|Any CPU
	EndGlobalSection
	GlobalSection(ProjectConfigurationPlatforms) = postSolution
		{2B81E46C-A03D-43F6-B55C-141594BB2B78}.Debug|Any CPU.ActiveCfg = Debug|Any CPU
		{2B81E46C-A03D-43F6-B55C-141594BB2B78}.Debug|Any CPU.Build.0 = Debug|Any CPU
		{2B81E46C-A03D-43F6-B55C-141594BB2B78}.Release|Any CPU.ActiveCfg = Release|Any CPU
		{2B81E46C-A03D-43F6-B55C-141594BB2B78}.Release|Any CPU.Build.0 = Release|Any CPU
	EndGlobalSection
	GlobalSection(SolutionProperties) = preSolution
		HideSolutionNode = FALSE
	EndGlobalSection
EndGlobal
